{
  "pins" : [
    {
      "identity" : "essentials",
      "kind" : "remoteSourceControl",
      "location" : "https://gitlab.com/sergiy.vynnychenko/essentials.git",
      "state" : {
        "branch" : "master",
        "revision" : "54883dc64b3603e7be81c54a902906d8f6b1e09d"
      }
    }
  ],
  "version" : 2
}
