{
  "pins" : [
    {
      "identity" : "essentials",
      "kind" : "remoteSourceControl",
      "location" : "https://gitlab.com/sergiy.vynnychenko/essentials.git",
      "state" : {
        "branch" : "master",
        "revision" : "3525d133fe4f7d934b76590e97dcf2d833f28350"
      }
    }
  ],
  "version" : 2
}
